
Microsoft Visual Studio Solution File, Format Version 12.00
# Visual Studio Express 2012 for Windows Desktop
Project("{8BC9CEB8-8B4A-11D0-8D11-00A0C91BC942}") = "Tutorial_Framwork", "Tutorial_Framwork\Tutorial_Framwork.vcxproj", "{DB2384BD-DE2A-44C8-B59F-4308239C05A3}"
EndProject
Global
	GlobalSection(SolutionConfigurationPlatforms) = preSolution
		Debug|Win32 = Debug|Win32
		Release|Win32 = Release|Win32
	EndGlobalSection
	GlobalSection(ProjectConfigurationPlatforms) = postSolution
		{DB2384BD-DE2A-44C8-B59F-4308239C05A3}.Debug|Win32.ActiveCfg = Debug|Win32
		{DB2384BD-DE2A-44C8-B59F-4308239C05A3}.Debug|Win32.Build.0 = Debug|Win32
		{DB2384BD-DE2A-44C8-B59F-4308239C05A3}.Release|Win32.ActiveCfg = Release|Win32
		{DB2384BD-DE2A-44C8-B59F-4308239C05A3}.Release|Win32.Build.0 = Release|Win32
	EndGlobalSection
	GlobalSection(SolutionProperties) = preSolution
		HideSolutionNode = FALSE
	EndGlobalSection
EndGlobal
